PODS:
  - Flutter (1.0.0)
  - flutter_fcm_decrypt (0.0.1):
    - Flutter

DEPENDENCIES:
  - Flutter (from `Flutter`)
  - flutter_fcm_decrypt (from `.symlinks/plugins/flutter_fcm_decrypt/ios`)

EXTERNAL SOURCES:
  Flutter:
    :path: Flutter
  flutter_fcm_decrypt:
    :path: ".symlinks/plugins/flutter_fcm_decrypt/ios"

SPEC CHECKSUMS:
  Flutter: e0871f40cf51350855a761d2e70bf5af5b9b5de7
  flutter_fcm_decrypt: 23540a870218b439cc4fb38c7f79925e4923acff

PODFILE CHECKSUM: 819463e6a0290f5a72f145ba7cde16e8b6ef0796

COCOAPODS: 1.15.2
